PODS:
  - NodeMobile (0.1.8)

DEPENDENCIES:
  - NodeMobile (from `https://github.com/janeasystems/nodejs-mobile.git`)

EXTERNAL SOURCES:
  NodeMobile:
    :git: https://github.com/janeasystems/nodejs-mobile.git

CHECKOUT OPTIONS:
  NodeMobile:
    :commit: d731966cf36550c68b4d7ce22765ca7fd73d0733
    :git: https://github.com/janeasystems/nodejs-mobile.git

SPEC CHECKSUMS:
  NodeMobile: cb332628599d35759769bdb6b1501b17b5f1f287

PODFILE CHECKSUM: 3337f1fa98f08d1697ba8bbd7e0a2e290c61990a

COCOAPODS: 1.7.5
