PODS:
  - NodeMobile (0.3.0)

DEPENDENCIES:
  - NodeMobile (from `https://github.com/janeasystems/nodejs-mobile.git`)

EXTERNAL SOURCES:
  NodeMobile:
    :git: https://github.com/janeasystems/nodejs-mobile.git

CHECKOUT OPTIONS:
  NodeMobile:
    :commit: d4af0e6bdaf753d1f0d69db13627dcdffc90c436
    :git: https://github.com/janeasystems/nodejs-mobile.git

SPEC CHECKSUMS:
  NodeMobile: d6a5a252d4774c89c360f627f166b727b07b9aee

PODFILE CHECKSUM: 3337f1fa98f08d1697ba8bbd7e0a2e290c61990a

COCOAPODS: 1.10.0
